
Microsoft Visual Studio Solution File, Format Version 12.00
# Visual Studio Version 16
VisualStudioVersion = 16.0.31624.102
MinimumVisualStudioVersion = 10.0.40219.1
Project("{FAE04EC0-301F-11D3-BF4B-00C04F79EFBC}") = "CourseProject_CISS_311", "CourseProject_CISS_311.csproj", "{073D6300-F065-4F58-9672-F83F1E99C480}"
EndProject
Global
	GlobalSection(SolutionConfigurationPlatforms) = preSolution
		Debug|Any CPU = Debug|Any CPU
		Release|Any CPU = Release|Any CPU
	EndGlobalSection
	GlobalSection(ProjectConfigurationPlatforms) = postSolution
		{073D6300-F065-4F58-9672-F83F1E99C480}.Debug|Any CPU.ActiveCfg = Debug|Any CPU
		{073D6300-F065-4F58-9672-F83F1E99C480}.Debug|Any CPU.Build.0 = Debug|Any CPU
		{073D6300-F065-4F58-9672-F83F1E99C480}.Release|Any CPU.ActiveCfg = Release|Any CPU
		{073D6300-F065-4F58-9672-F83F1E99C480}.Release|Any CPU.Build.0 = Release|Any CPU
	EndGlobalSection
	GlobalSection(SolutionProperties) = preSolution
		HideSolutionNode = FALSE
	EndGlobalSection
	GlobalSection(ExtensibilityGlobals) = postSolution
		SolutionGuid = {557F81DF-8751-404C-9E9C-B7A617544F9E}
	EndGlobalSection
EndGlobal
